
Microsoft Visual Studio Solution File, Format Version 12.00
# Visual Studio Version 17
VisualStudioVersion = 17.6.33723.286
MinimumVisualStudioVersion = 10.0.40219.1
Project("{FAE04EC0-301F-11D3-BF4B-00C04F79EFBC}") = "UI", "..\UI\UI\UI.csproj", "{02A9149F-361F-466A-8491-8964FD4A40D2}"
EndProject
Project("{9A19103F-16F7-4668-BE54-9A1E7A4F7556}") = "SDA_DBMS_Project", "SDA_DBMS_Project\SDA_DBMS_Project.csproj", "{88E63E79-698D-46B4-A545-F40A09CF3D9D}"
EndProject
Global
	GlobalSection(SolutionConfigurationPlatforms) = preSolution
		Debug|Any CPU = Debug|Any CPU
		Release|Any CPU = Release|Any CPU
	EndGlobalSection
	GlobalSection(ProjectConfigurationPlatforms) = postSolution
		{02A9149F-361F-466A-8491-8964FD4A40D2}.Debug|Any CPU.ActiveCfg = Debug|Any CPU
		{02A9149F-361F-466A-8491-8964FD4A40D2}.Debug|Any CPU.Build.0 = Debug|Any CPU
		{02A9149F-361F-466A-8491-8964FD4A40D2}.Release|Any CPU.ActiveCfg = Release|Any CPU
		{02A9149F-361F-466A-8491-8964FD4A40D2}.Release|Any CPU.Build.0 = Release|Any CPU
		{88E63E79-698D-46B4-A545-F40A09CF3D9D}.Debug|Any CPU.ActiveCfg = Debug|Any CPU
		{88E63E79-698D-46B4-A545-F40A09CF3D9D}.Debug|Any CPU.Build.0 = Debug|Any CPU
		{88E63E79-698D-46B4-A545-F40A09CF3D9D}.Release|Any CPU.ActiveCfg = Release|Any CPU
		{88E63E79-698D-46B4-A545-F40A09CF3D9D}.Release|Any CPU.Build.0 = Release|Any CPU
	EndGlobalSection
	GlobalSection(SolutionProperties) = preSolution
		HideSolutionNode = FALSE
	EndGlobalSection
	GlobalSection(ExtensibilityGlobals) = postSolution
		SolutionGuid = {8817A314-2E3F-4138-BA5B-C4CF5FA1CC13}
	EndGlobalSection
EndGlobal
